
Microsoft Visual Studio Solution File, Format Version 12.00
# Visual Studio 15
VisualStudioVersion = 15.0.28307.705
MinimumVisualStudioVersion = 10.0.40219.1
Project("{9A19103F-16F7-4668-BE54-9A1E7A4F7556}") = "SamuraiModel", "SamuraiModel\SamuraiModel.csproj", "{A8EDFA4E-1C22-4943-94AA-D0DA37D5FFF2}"
EndProject
Global
	GlobalSection(SolutionConfigurationPlatforms) = preSolution
		Debug|Any CPU = Debug|Any CPU
		Release|Any CPU = Release|Any CPU
	EndGlobalSection
	GlobalSection(ProjectConfigurationPlatforms) = postSolution
		{A8EDFA4E-1C22-4943-94AA-D0DA37D5FFF2}.Debug|Any CPU.ActiveCfg = Debug|Any CPU
		{A8EDFA4E-1C22-4943-94AA-D0DA37D5FFF2}.Debug|Any CPU.Build.0 = Debug|Any CPU
		{A8EDFA4E-1C22-4943-94AA-D0DA37D5FFF2}.Release|Any CPU.ActiveCfg = Release|Any CPU
		{A8EDFA4E-1C22-4943-94AA-D0DA37D5FFF2}.Release|Any CPU.Build.0 = Release|Any CPU
	EndGlobalSection
	GlobalSection(SolutionProperties) = preSolution
		HideSolutionNode = FALSE
	EndGlobalSection
	GlobalSection(ExtensibilityGlobals) = postSolution
		SolutionGuid = {086AC723-D2C6-41B8-98BC-AC02D2F780D2}
	EndGlobalSection
EndGlobal
