
Microsoft Visual Studio Solution File, Format Version 12.00
# Visual Studio 15
VisualStudioVersion = 15.0.28307.705
MinimumVisualStudioVersion = 10.0.40219.1
Project("{FAE04EC0-301F-11D3-BF4B-00C04F79EFBC}") = "SamuraiApp.Domain", "SamuraiApp.Domain\SamuraiApp.Domain.csproj", "{3C2138A7-1FDD-4363-B053-1E8516EB1C3D}"
EndProject
Project("{FAE04EC0-301F-11D3-BF4B-00C04F79EFBC}") = "SamuraiApp.Data", "SamuraiApp.Data\SamuraiApp.Data.csproj", "{1AEBABF6-1F8C-49D5-854F-7AD80D647833}"
EndProject
Project("{FAE04EC0-301F-11D3-BF4B-00C04F79EFBC}") = "SomeUI", "SomeUI\SomeUI.csproj", "{D8E31EC7-21C0-421E-BBD9-761B17D2E905}"
EndProject
Global
	GlobalSection(SolutionConfigurationPlatforms) = preSolution
		Debug|Any CPU = Debug|Any CPU
		Release|Any CPU = Release|Any CPU
	EndGlobalSection
	GlobalSection(ProjectConfigurationPlatforms) = postSolution
		{3C2138A7-1FDD-4363-B053-1E8516EB1C3D}.Debug|Any CPU.ActiveCfg = Debug|Any CPU
		{3C2138A7-1FDD-4363-B053-1E8516EB1C3D}.Debug|Any CPU.Build.0 = Debug|Any CPU
		{3C2138A7-1FDD-4363-B053-1E8516EB1C3D}.Release|Any CPU.ActiveCfg = Release|Any CPU
		{3C2138A7-1FDD-4363-B053-1E8516EB1C3D}.Release|Any CPU.Build.0 = Release|Any CPU
		{1AEBABF6-1F8C-49D5-854F-7AD80D647833}.Debug|Any CPU.ActiveCfg = Debug|Any CPU
		{1AEBABF6-1F8C-49D5-854F-7AD80D647833}.Debug|Any CPU.Build.0 = Debug|Any CPU
		{1AEBABF6-1F8C-49D5-854F-7AD80D647833}.Release|Any CPU.ActiveCfg = Release|Any CPU
		{1AEBABF6-1F8C-49D5-854F-7AD80D647833}.Release|Any CPU.Build.0 = Release|Any CPU
		{D8E31EC7-21C0-421E-BBD9-761B17D2E905}.Debug|Any CPU.ActiveCfg = Debug|Any CPU
		{D8E31EC7-21C0-421E-BBD9-761B17D2E905}.Debug|Any CPU.Build.0 = Debug|Any CPU
		{D8E31EC7-21C0-421E-BBD9-761B17D2E905}.Release|Any CPU.ActiveCfg = Release|Any CPU
		{D8E31EC7-21C0-421E-BBD9-761B17D2E905}.Release|Any CPU.Build.0 = Release|Any CPU
	EndGlobalSection
	GlobalSection(SolutionProperties) = preSolution
		HideSolutionNode = FALSE
	EndGlobalSection
	GlobalSection(ExtensibilityGlobals) = postSolution
		SolutionGuid = {44C4A6CC-7C65-457E-B5C6-EEACBA646C0C}
	EndGlobalSection
EndGlobal
