
Microsoft Visual Studio Solution File, Format Version 12.00
# Visual Studio 15
VisualStudioVersion = 15.0.28307.705
MinimumVisualStudioVersion = 10.0.40219.1
Project("{9A19103F-16F7-4668-BE54-9A1E7A4F7556}") = "WebApi", "WebApi\WebApi.csproj", "{599C0831-37A6-4702-B163-36B00D765722}"
EndProject
Project("{FAE04EC0-301F-11D3-BF4B-00C04F79EFBC}") = "BookCovers.API", "BookCovers.API\BookCovers.API.csproj", "{CFE038BB-E7E2-481D-83A8-6628D2038180}"
EndProject
Global
	GlobalSection(SolutionConfigurationPlatforms) = preSolution
		Debug|Any CPU = Debug|Any CPU
		Release|Any CPU = Release|Any CPU
	EndGlobalSection
	GlobalSection(ProjectConfigurationPlatforms) = postSolution
		{599C0831-37A6-4702-B163-36B00D765722}.Debug|Any CPU.ActiveCfg = Debug|Any CPU
		{599C0831-37A6-4702-B163-36B00D765722}.Debug|Any CPU.Build.0 = Debug|Any CPU
		{599C0831-37A6-4702-B163-36B00D765722}.Release|Any CPU.ActiveCfg = Release|Any CPU
		{599C0831-37A6-4702-B163-36B00D765722}.Release|Any CPU.Build.0 = Release|Any CPU
		{CFE038BB-E7E2-481D-83A8-6628D2038180}.Debug|Any CPU.ActiveCfg = Debug|Any CPU
		{CFE038BB-E7E2-481D-83A8-6628D2038180}.Debug|Any CPU.Build.0 = Debug|Any CPU
		{CFE038BB-E7E2-481D-83A8-6628D2038180}.Release|Any CPU.ActiveCfg = Release|Any CPU
		{CFE038BB-E7E2-481D-83A8-6628D2038180}.Release|Any CPU.Build.0 = Release|Any CPU
	EndGlobalSection
	GlobalSection(SolutionProperties) = preSolution
		HideSolutionNode = FALSE
	EndGlobalSection
	GlobalSection(ExtensibilityGlobals) = postSolution
		SolutionGuid = {3FB4AC5A-C74B-478D-BC0E-03C39A1C6E86}
	EndGlobalSection
EndGlobal
